github.com/rprtr258/assert v0.1.2 h1:jwLtKRAVAEGfAVg6OHw7oza+rQnyvPkaItaBBIX6uBU=
github.com/rprtr258/assert v0.1.2/go.mod h1:kb3RPPw8Lzntc/UL7cvkn9jkwXyeEa4aY5gmfGQBQec=
golang.org/x/text v0.22.0 h1:bofq7m3/HAFvbF51jz3Q9wLg3jkvSPuiZu/pD1XwgtM=
golang.org/x/text v0.22.0/go.mod h1:YRoo4H8PVmsu+E3Ou7cqLVH8oXWIHVoX0jqUWALQhfY=
golang.org/x/tools v0.30.0 h1:BgcpHewrV5AUp2G9MebG4XPFI1E2W41zU1SaqVA9vJY=
golang.org/x/tools v0.30.0/go.mod h1:c347cR/OJfw5TI+GfX7RUPNMdDRRbjvYTS0jPyvsVtY=
